
Microsoft Visual Studio Solution File, Format Version 12.00
# Visual Studio Version 16
VisualStudioVersion = 16.0.29306.81
MinimumVisualStudioVersion = 10.0.40219.1
Project("{FAE04EC0-301F-11D3-BF4B-00C04F79EFBC}") = "xabbo-core", "xabbo-core\xabbo-core.csproj", "{2D314D9C-89AF-43A6-A638-23C959EE4DE9}"
EndProject
Global
	GlobalSection(SolutionConfigurationPlatforms) = preSolution
		Debug|Any CPU = Debug|Any CPU
		Release|Any CPU = Release|Any CPU
	EndGlobalSection
	GlobalSection(ProjectConfigurationPlatforms) = postSolution
		{2D314D9C-89AF-43A6-A638-23C959EE4DE9}.Debug|Any CPU.ActiveCfg = Debug|Any CPU
		{2D314D9C-89AF-43A6-A638-23C959EE4DE9}.Debug|Any CPU.Build.0 = Debug|Any CPU
		{2D314D9C-89AF-43A6-A638-23C959EE4DE9}.Release|Any CPU.ActiveCfg = Release|Any CPU
		{2D314D9C-89AF-43A6-A638-23C959EE4DE9}.Release|Any CPU.Build.0 = Release|Any CPU
	EndGlobalSection
	GlobalSection(SolutionProperties) = preSolution
		HideSolutionNode = FALSE
	EndGlobalSection
	GlobalSection(ExtensibilityGlobals) = postSolution
		SolutionGuid = {FCB533B3-E5E4-4101-90E9-B076D854E73E}
	EndGlobalSection
EndGlobal
